<?xml version="1.0" encoding="utf-8"?>
<Project ToolsVersion="4.0" xmlns="http://schemas.microsoft.com/developer/msbuild/2003">
  <ItemGroup>
    <Filter Include="源文件">
      <UniqueIdentifier>{4FC737F1-C7A5-4376-A066-2A32D752A2FF}</UniqueIdentifier>
      <Extensions>cpp;c;cc;cxx;def;odl;idl;hpj;bat;asm;asmx</Extensions>
    </Filter>
    <Filter Include="头文件">
      <UniqueIdentifier>{93995380-89BD-4b04-88EB-625FBE52EBFB}</UniqueIdentifier>
      <Extensions>h;hh;hpp;hxx;hm;inl;inc;xsd</Extensions>
    </Filter>
    <Filter Include="资源文件">
      <UniqueIdentifier>{67DA6AB6-F800-4c08-8B7A-83BB121AAD01}</UniqueIdentifier>
      <Extensions>rc;ico;cur;bmp;dlg;rc2;rct;bin;rgs;gif;jpg;jpeg;jpe;resx;tiff;tif;png;wav;mfcribbon-ms</Extensions>
    </Filter>
    <Filter Include="Problem 25">
      <UniqueIdentifier>{8f06e844-fbe5-4042-9a17-286f71ccd9d1}</UniqueIdentifier>
    </Filter>
    <Filter Include="Problem 26">
      <UniqueIdentifier>{782f785c-8adb-41b1-920c-7f95a8e40cfc}</UniqueIdentifier>
    </Filter>
    <Filter Include="Problem 28-29">
      <UniqueIdentifier>{983e0d0a-bf59-44a5-ab8b-adbdfb6ef3bc}</UniqueIdentifier>
    </Filter>
    <Filter Include="Problem 31-40">
      <UniqueIdentifier>{9e9dbcc6-8054-47ab-b241-553acf6062f7}</UniqueIdentifier>
    </Filter>
    <Filter Include="Problem 41-50">
      <UniqueIdentifier>{006d8683-b010-4794-988d-5a13caf1292c}</UniqueIdentifier>
    </Filter>
    <Filter Include="Problem 51-60">
      <UniqueIdentifier>{21e880b1-1814-4d0e-9696-5b12bf0481ef}</UniqueIdentifier>
    </Filter>
    <Filter Include="Problem 61-70">
      <UniqueIdentifier>{9232f1ce-648d-4efe-b5f2-50b5ba739154}</UniqueIdentifier>
    </Filter>
    <Filter Include="Problem 71-80">
      <UniqueIdentifier>{9b27b078-f506-4fb5-9361-c4cba77eaea5}</UniqueIdentifier>
    </Filter>
  </ItemGroup>
  <ItemGroup>
    <Text Include="ReadMe.txt" />
  </ItemGroup>
  <ItemGroup>
    <ClInclude Include="stdafx.h">
      <Filter>头文件</Filter>
    </ClInclude>
    <ClInclude Include="targetver.h">
      <Filter>头文件</Filter>
    </ClInclude>
    <ClInclude Include="problem 25\Problem25.h">
      <Filter>Problem 25</Filter>
    </ClInclude>
    <ClInclude Include="problem 26\Problem26.h">
      <Filter>Problem 26</Filter>
    </ClInclude>
    <ClInclude Include="problem 28\Problem28.h">
      <Filter>Problem 28-29</Filter>
    </ClInclude>
    <ClInclude Include="problem 3140\Problem31.h">
      <Filter>Problem 31-40</Filter>
    </ClInclude>
    <ClInclude Include="problem 3140\Problem34_40.h">
      <Filter>Problem 31-40</Filter>
    </ClInclude>
    <ClInclude Include="CommonFun.h">
      <Filter>头文件</Filter>
    </ClInclude>
    <ClInclude Include="problem 4150\Problem41_50.h">
      <Filter>Problem 41-50</Filter>
    </ClInclude>
    <ClInclude Include="CProblem.h">
      <Filter>头文件</Filter>
    </ClInclude>
    <ClInclude Include="problem 5160\Problem51_60.h">
      <Filter>Problem 51-60</Filter>
    </ClInclude>
    <ClInclude Include="BigInt.h">
      <Filter>头文件</Filter>
    </ClInclude>
    <ClInclude Include="problem 6170\Problem61_70.h">
      <Filter>Problem 61-70</Filter>
    </ClInclude>
    <ClInclude Include="problem 7180\Problem71_80.h">
      <Filter>Problem 71-80</Filter>
    </ClInclude>
  </ItemGroup>
  <ItemGroup>
    <ClCompile Include="stdafx.cpp">
      <Filter>源文件</Filter>
    </ClCompile>
    <ClCompile Include="project_Euler.cpp">
      <Filter>源文件</Filter>
    </ClCompile>
    <ClCompile Include="problem 25\Problem25.cpp">
      <Filter>Problem 25</Filter>
    </ClCompile>
    <ClCompile Include="problem 26\Problem26.cpp">
      <Filter>Problem 26</Filter>
    </ClCompile>
    <ClCompile Include="problem 28\Problem28.cpp">
      <Filter>Problem 28-29</Filter>
    </ClCompile>
    <ClCompile Include="problem 3140\Problem31.cpp">
      <Filter>Problem 31-40</Filter>
    </ClCompile>
    <ClCompile Include="problem 3140\Problem34_40.cpp">
      <Filter>Problem 31-40</Filter>
    </ClCompile>
    <ClCompile Include="problem 4150\Problem41_50.cpp">
      <Filter>Problem 41-50</Filter>
    </ClCompile>
    <ClCompile Include="problem 5160\Problem51_60.cpp">
      <Filter>Problem 51-60</Filter>
    </ClCompile>
    <ClCompile Include="BigInt.cpp">
      <Filter>源文件</Filter>
    </ClCompile>
    <ClCompile Include="problem 6170\Problem61_70.cpp">
      <Filter>Problem 61-70</Filter>
    </ClCompile>
    <ClCompile Include="problem 7180\Problem71_80.cpp">
      <Filter>Problem 71-80</Filter>
    </ClCompile>
  </ItemGroup>
</Project>